{
  "name": "@bredele/rpg-log",
  "version": "1.0.0",
  "lockfileVersion": 1,
  "requires": true,
  "dependencies": {
    "@bredele/rpg-csv": {
      "version": "1.0.0",
      "resolved": "https://npm.pkg.github.com/download/@bredele/rpg-csv/1.0.0/17fbd7450886621fc5b98015a8affa826493db0e979ad8078dddcfb5c88de5b8",
      "integrity": "sha512-RotoGPK5LPqFi8xqFKeiB6sRpBDYpsJl643pCTB/2/EuJceZ3vq6oVhkT60iHldz1NqFyjyb/cp5CygGEJse+A=="
    },
    "mkdirp": {
      "version": "1.0.4",
      "resolved": "https://registry.npmjs.org/mkdirp/-/mkdirp-1.0.4.tgz",
      "integrity": "sha512-vVqVZQyf3WLx2Shd0qJ9xuvqgAyKPLAiqITEtqW0oIUjzo3PePDd6fW9iFz30ef7Ysp/oiWqbhszeGWW2T6Gzw=="
    }
  }
}
